{
  "name": "terminal",
  "version": "1.0",
  "lockfileVersion": 3,
  "requires": true,
  "packages": {
    "": {
      "name": "terminal",
      "version": "1.0",
      "dependencies": {
        "moment": "^2.30.1",
        "node": "^25.6.0"
      },
      "devDependencies": {
        "@types/node": "^25.2.2"
      }
    },
    "node_modules/@types/node": {
      "version": "25.2.2",
      "resolved": "https://registry.npmjs.org/@types/node/-/node-25.2.2.tgz",
      "integrity": "sha512-BkmoP5/FhRYek5izySdkOneRyXYN35I860MFAGupTdebyE66uZaR+bXLHq8k4DirE5DwQi3NuhvRU1jqTVwUrQ==",
      "dev": true,
      "license": "MIT",
      "dependencies": {
        "undici-types": "~7.16.0"
      }
    },
    "node_modules/moment": {
      "version": "2.30.1",
      "resolved": "https://registry.npmjs.org/moment/-/moment-2.30.1.tgz",
      "integrity": "sha512-uEmtNhbDOrWPFS+hdjFCBfy9f2YoyzRpwcl+DqpC6taX21FzsTLQVbMV/W7PzNSX6x/bhC1zA3c2UQ5NzH6how==",
      "license": "MIT",
      "engines": {
        "node": "*"
      }
    },
    "node_modules/node": {
      "version": "25.6.0",
      "hasInstallScript": true,
      "license": "MIT",
      "dependencies": {
        "node-bin-setup": "^1.0.0"
      },
      "bin": {
        "node": "bin/node.exe"
      },
      "engines": {
        "npm": ">=5.0.0"
      }
    },
    "node_modules/node/node_modules/node-bin-setup": {
      "version": "1.1.4",
      "license": "ISC"
    },
    "node_modules/undici-types": {
      "version": "7.16.0",
      "dev": true,
      "license": "MIT"
    }
  }
}
